// !$*UTF8*$!
{
	archiveVersion = 1;
	classes = {
	};
	objectVersion = 48;
	objects = {

/* Begin PBXBuildFile section */
		3EAD99CF23106E44B25E2339 /* Pods_ISSTests.framework in Frameworks */ = {isa = PBXBuildFile; fileRef = 8A6F3CCB8CB9434621A07253 /* Pods_ISSTests.framework */; };
		BDA1707C96D6A210714D4708 /* Pods_ISS.framework in Frameworks */ = {isa = PBXBuildFile; fileRef = A226D9A0DE37B67E8AF94611 /* Pods_ISS.framework */; };
		FE6CB3F4201AA798003A6790 /* AppDelegate.swift in Sources */ = {isa = PBXBuildFile; fileRef = FE6CB3F3201AA798003A6790 /* AppDelegate.swift */; };
		FE6CB3F6201AA798003A6790 /* SearchViewController.swift in Sources */ = {isa = PBXBuildFile; fileRef = FE6CB3F5201AA798003A6790 /* SearchViewController.swift */; };
		FE6CB3F9201AA798003A6790 /* Main.storyboard in Resources */ = {isa = PBXBuildFile; fileRef = FE6CB3F7201AA798003A6790 /* Main.storyboard */; };
		FE6CB3FB201AA798003A6790 /* Assets.xcassets in Resources */ = {isa = PBXBuildFile; fileRef = FE6CB3FA201AA798003A6790 /* Assets.xcassets */; };
		FE6CB3FE201AA798003A6790 /* LaunchScreen.storyboard in Resources */ = {isa = PBXBuildFile; fileRef = FE6CB3FC201AA798003A6790 /* LaunchScreen.storyboard */; };
		FE6CB416201AA946003A6790 /* Mockable.swift in Sources */ = {isa = PBXBuildFile; fileRef = FE6CB414201AA946003A6790 /* Mockable.swift */; };
		FE6CB417201AA946003A6790 /* MockMatchers.swift in Sources */ = {isa = PBXBuildFile; fileRef = FE6CB415201AA946003A6790 /* MockMatchers.swift */; };
		FE6CB41A201AA9B3003A6790 /* APIClient.swift in Sources */ = {isa = PBXBuildFile; fileRef = FE6CB419201AA9B3003A6790 /* APIClient.swift */; };
		FE6CB41D201AAA58003A6790 /* PassOverResponse.swift in Sources */ = {isa = PBXBuildFile; fileRef = FE6CB41C201AAA58003A6790 /* PassOverResponse.swift */; };
		FE6CB41F201AAA60003A6790 /* PassOver.swift in Sources */ = {isa = PBXBuildFile; fileRef = FE6CB41E201AAA60003A6790 /* PassOver.swift */; };
		FE6CB421201AAABE003A6790 /* PassOverRequest.swift in Sources */ = {isa = PBXBuildFile; fileRef = FE6CB420201AAABE003A6790 /* PassOverRequest.swift */; };
		FE6CB424201AAC62003A6790 /* PassOverTests.swift in Sources */ = {isa = PBXBuildFile; fileRef = FE6CB423201AAC62003A6790 /* PassOverTests.swift */; };
		FE6CB426201AAFEF003A6790 /* PassOverRequestTests.swift in Sources */ = {isa = PBXBuildFile; fileRef = FE6CB425201AAFEF003A6790 /* PassOverRequestTests.swift */; };
		FE6CB428201AB542003A6790 /* PassOverResponseTests.swift in Sources */ = {isa = PBXBuildFile; fileRef = FE6CB427201AB542003A6790 /* PassOverResponseTests.swift */; };
		FE6CB42C201ABE4E003A6790 /* SVProgressHUDWrapperTests.swift in Sources */ = {isa = PBXBuildFile; fileRef = FE6CB42B201ABE4E003A6790 /* SVProgressHUDWrapperTests.swift */; };
		FE6CB42E201ABE6F003A6790 /* ProgressIndicator.swift in Sources */ = {isa = PBXBuildFile; fileRef = FE6CB42D201ABE6F003A6790 /* ProgressIndicator.swift */; };
		FE6CB433201AC1FB003A6790 /* SearchViewControllerTests.swift in Sources */ = {isa = PBXBuildFile; fileRef = FE6CB432201AC1FB003A6790 /* SearchViewControllerTests.swift */; };
		FE6CB436201AC23F003A6790 /* APIClientTests.swift in Sources */ = {isa = PBXBuildFile; fileRef = FE6CB435201AC23F003A6790 /* APIClientTests.swift */; };
		FE6CB43A201AC2A8003A6790 /* MockAPIClient.swift in Sources */ = {isa = PBXBuildFile; fileRef = FE6CB439201AC2A8003A6790 /* MockAPIClient.swift */; };
		FE6CB43D201AC69D003A6790 /* MockProgressIndicator.swift in Sources */ = {isa = PBXBuildFile; fileRef = FE6CB43C201AC69D003A6790 /* MockProgressIndicator.swift */; };
		FE6CB43F201ACA0B003A6790 /* AlertHelper.swift in Sources */ = {isa = PBXBuildFile; fileRef = FE6CB43E201ACA0B003A6790 /* AlertHelper.swift */; };
		FE6CB441201ACC08003A6790 /* ResultsTableViewController.swift in Sources */ = {isa = PBXBuildFile; fileRef = FE6CB440201ACC08003A6790 /* ResultsTableViewController.swift */; };
		FE6CB444201ACC26003A6790 /* ResultsViewModel.swift in Sources */ = {isa = PBXBuildFile; fileRef = FE6CB443201ACC26003A6790 /* ResultsViewModel.swift */; };
		FE6CB446201ACCA0003A6790 /* SearchViewModel.swift in Sources */ = {isa = PBXBuildFile; fileRef = FE6CB445201ACCA0003A6790 /* SearchViewModel.swift */; };
		FE6CB448201ACCD4003A6790 /* ViewModel.swift in Sources */ = {isa = PBXBuildFile; fileRef = FE6CB447201ACCD4003A6790 /* ViewModel.swift */; };
		FE6CB44B201ACE24003A6790 /* SearchViewModelTests.swift in Sources */ = {isa = PBXBuildFile; fileRef = FE6CB44A201ACE24003A6790 /* SearchViewModelTests.swift */; };
		FE6CB44D201ACEF7003A6790 /* MockSearchViewModel.swift in Sources */ = {isa = PBXBuildFile; fileRef = FE6CB44C201ACEF7003A6790 /* MockSearchViewModel.swift */; };
		FE6CB450201AD274003A6790 /* MockUINavigationController.swift in Sources */ = {isa = PBXBuildFile; fileRef = FE6CB44F201AD274003A6790 /* MockUINavigationController.swift */; };
		FE6CB453201AD3AC003A6790 /* StoryboardHelper.swift in Sources */ = {isa = PBXBuildFile; fileRef = FE6CB452201AD3AC003A6790 /* StoryboardHelper.swift */; };
		FE6CB455201AD6D9003A6790 /* MockUITableView.swift in Sources */ = {isa = PBXBuildFile; fileRef = FE6CB454201AD6D9003A6790 /* MockUITableView.swift */; };
		FE6CB457201AD6EB003A6790 /* ResultsTableViewControllerTests.swift in Sources */ = {isa = PBXBuildFile; fileRef = FE6CB456201AD6EB003A6790 /* ResultsTableViewControllerTests.swift */; };
		FE6CB459201ADA29003A6790 /* IntExtensions.swift in Sources */ = {isa = PBXBuildFile; fileRef = FE6CB458201ADA29003A6790 /* IntExtensions.swift */; };
		FE6CB45B201ADB79003A6790 /* ResultsViewModelTests.swift in Sources */ = {isa = PBXBuildFile; fileRef = FE6CB45A201ADB79003A6790 /* ResultsViewModelTests.swift */; };
		FE6CB45D201ADC01003A6790 /* MockResultsViewModel.swift in Sources */ = {isa = PBXBuildFile; fileRef = FE6CB45C201ADC01003A6790 /* MockResultsViewModel.swift */; };
		FE6CB460201ADD43003A6790 /* IntExtensionTests.swift in Sources */ = {isa = PBXBuildFile; fileRef = FE6CB45F201ADD43003A6790 /* IntExtensionTests.swift */; };
/* End PBXBuildFile section */

/* Begin PBXContainerItemProxy section */
		FE6CB405201AA798003A6790 /* PBXContainerItemProxy */ = {
			isa = PBXContainerItemProxy;
			containerPortal = FE6CB3E8201AA798003A6790 /* Project object */;
			proxyType = 1;
			remoteGlobalIDString = FE6CB3EF201AA798003A6790;
			remoteInfo = ISS;
		};
/* End PBXContainerItemProxy section */

/* Begin PBXFileReference section */
		113EE35C464E40EFE56FACB3 /* Pods-ISS.debug.xcconfig */ = {isa = PBXFileReference; includeInIndex = 1; lastKnownFileType = text.xcconfig; name = "Pods-ISS.debug.xcconfig"; path = "Pods/Target Support Files/Pods-ISS/Pods-ISS.debug.xcconfig"; sourceTree = "<group>"; };
		6A36F9C067BB5742D599B196 /* Pods-ISSTests.debug.xcconfig */ = {isa = PBXFileReference; includeInIndex = 1; lastKnownFileType = text.xcconfig; name = "Pods-ISSTests.debug.xcconfig"; path = "Pods/Target Support Files/Pods-ISSTests/Pods-ISSTests.debug.xcconfig"; sourceTree = "<group>"; };
		8A6F3CCB8CB9434621A07253 /* Pods_ISSTests.framework */ = {isa = PBXFileReference; explicitFileType = wrapper.framework; includeInIndex = 0; path = Pods_ISSTests.framework; sourceTree = BUILT_PRODUCTS_DIR; };
		8F295392B66CC0974E788877 /* Pods-ISS.release.xcconfig */ = {isa = PBXFileReference; includeInIndex = 1; lastKnownFileType = text.xcconfig; name = "Pods-ISS.release.xcconfig"; path = "Pods/Target Support Files/Pods-ISS/Pods-ISS.release.xcconfig"; sourceTree = "<group>"; };
		987F3E6CCEB8C69BB6F67C7F /* Pods-ISSTests.release.xcconfig */ = {isa = PBXFileReference; includeInIndex = 1; lastKnownFileType = text.xcconfig; name = "Pods-ISSTests.release.xcconfig"; path = "Pods/Target Support Files/Pods-ISSTests/Pods-ISSTests.release.xcconfig"; sourceTree = "<group>"; };
		A226D9A0DE37B67E8AF94611 /* Pods_ISS.framework */ = {isa = PBXFileReference; explicitFileType = wrapper.framework; includeInIndex = 0; path = Pods_ISS.framework; sourceTree = BUILT_PRODUCTS_DIR; };
		FE6CB3F0201AA798003A6790 /* ISS.app */ = {isa = PBXFileReference; explicitFileType = wrapper.application; includeInIndex = 0; path = ISS.app; sourceTree = BUILT_PRODUCTS_DIR; };
		FE6CB3F3201AA798003A6790 /* AppDelegate.swift */ = {isa = PBXFileReference; lastKnownFileType = sourcecode.swift; path = AppDelegate.swift; sourceTree = "<group>"; };
		FE6CB3F5201AA798003A6790 /* SearchViewController.swift */ = {isa = PBXFileReference; lastKnownFileType = sourcecode.swift; path = SearchViewController.swift; sourceTree = "<group>"; };
		FE6CB3F8201AA798003A6790 /* Base */ = {isa = PBXFileReference; lastKnownFileType = file.storyboard; name = Base; path = Base.lproj/Main.storyboard; sourceTree = "<group>"; };
		FE6CB3FA201AA798003A6790 /* Assets.xcassets */ = {isa = PBXFileReference; lastKnownFileType = folder.assetcatalog; path = Assets.xcassets; sourceTree = "<group>"; };
		FE6CB3FD201AA798003A6790 /* Base */ = {isa = PBXFileReference; lastKnownFileType = file.storyboard; name = Base; path = Base.lproj/LaunchScreen.storyboard; sourceTree = "<group>"; };
		FE6CB3FF201AA798003A6790 /* Info.plist */ = {isa = PBXFileReference; lastKnownFileType = text.plist.xml; path = Info.plist; sourceTree = "<group>"; };
		FE6CB404201AA798003A6790 /* ISSTests.xctest */ = {isa = PBXFileReference; explicitFileType = wrapper.cfbundle; includeInIndex = 0; path = ISSTests.xctest; sourceTree = BUILT_PRODUCTS_DIR; };
		FE6CB40A201AA798003A6790 /* Info.plist */ = {isa = PBXFileReference; lastKnownFileType = text.plist.xml; path = Info.plist; sourceTree = "<group>"; };
		FE6CB414201AA946003A6790 /* Mockable.swift */ = {isa = PBXFileReference; fileEncoding = 4; lastKnownFileType = sourcecode.swift; path = Mockable.swift; sourceTree = "<group>"; };
		FE6CB415201AA946003A6790 /* MockMatchers.swift */ = {isa = PBXFileReference; fileEncoding = 4; lastKnownFileType = sourcecode.swift; path = MockMatchers.swift; sourceTree = "<group>"; };
		FE6CB419201AA9B3003A6790 /* APIClient.swift */ = {isa = PBXFileReference; lastKnownFileType = sourcecode.swift; path = APIClient.swift; sourceTree = "<group>"; };
		FE6CB41C201AAA58003A6790 /* PassOverResponse.swift */ = {isa = PBXFileReference; lastKnownFileType = sourcecode.swift; path = PassOverResponse.swift; sourceTree = "<group>"; };
		FE6CB41E201AAA60003A6790 /* PassOver.swift */ = {isa = PBXFileReference; lastKnownFileType = sourcecode.swift; path = PassOver.swift; sourceTree = "<group>"; };
		FE6CB420201AAABE003A6790 /* PassOverRequest.swift */ = {isa = PBXFileReference; lastKnownFileType = sourcecode.swift; path = PassOverRequest.swift; sourceTree = "<group>"; };
		FE6CB423201AAC62003A6790 /* PassOverTests.swift */ = {isa = PBXFileReference; lastKnownFileType = sourcecode.swift; path = PassOverTests.swift; sourceTree = "<group>"; };
		FE6CB425201AAFEF003A6790 /* PassOverRequestTests.swift */ = {isa = PBXFileReference; lastKnownFileType = sourcecode.swift; path = PassOverRequestTests.swift; sourceTree = "<group>"; };
		FE6CB427201AB542003A6790 /* PassOverResponseTests.swift */ = {isa = PBXFileReference; lastKnownFileType = sourcecode.swift; path = PassOverResponseTests.swift; sourceTree = "<group>"; };
		FE6CB42B201ABE4E003A6790 /* SVProgressHUDWrapperTests.swift */ = {isa = PBXFileReference; lastKnownFileType = sourcecode.swift; path = SVProgressHUDWrapperTests.swift; sourceTree = "<group>"; };
		FE6CB42D201ABE6F003A6790 /* ProgressIndicator.swift */ = {isa = PBXFileReference; lastKnownFileType = sourcecode.swift; path = ProgressIndicator.swift; sourceTree = "<group>"; };
		FE6CB432201AC1FB003A6790 /* SearchViewControllerTests.swift */ = {isa = PBXFileReference; lastKnownFileType = sourcecode.swift; path = SearchViewControllerTests.swift; sourceTree = "<group>"; };
		FE6CB435201AC23F003A6790 /* APIClientTests.swift */ = {isa = PBXFileReference; lastKnownFileType = sourcecode.swift; path = APIClientTests.swift; sourceTree = "<group>"; };
		FE6CB439201AC2A8003A6790 /* MockAPIClient.swift */ = {isa = PBXFileReference; lastKnownFileType = sourcecode.swift; path = MockAPIClient.swift; sourceTree = "<group>"; };
		FE6CB43C201AC69D003A6790 /* MockProgressIndicator.swift */ = {isa = PBXFileReference; lastKnownFileType = sourcecode.swift; path = MockProgressIndicator.swift; sourceTree = "<group>"; };
		FE6CB43E201ACA0B003A6790 /* AlertHelper.swift */ = {isa = PBXFileReference; lastKnownFileType = sourcecode.swift; path = AlertHelper.swift; sourceTree = "<group>"; };
		FE6CB440201ACC08003A6790 /* ResultsTableViewController.swift */ = {isa = PBXFileReference; lastKnownFileType = sourcecode.swift; path = ResultsTableViewController.swift; sourceTree = "<group>"; };
		FE6CB443201ACC26003A6790 /* ResultsViewModel.swift */ = {isa = PBXFileReference; lastKnownFileType = sourcecode.swift; path = ResultsViewModel.swift; sourceTree = "<group>"; };
		FE6CB445201ACCA0003A6790 /* SearchViewModel.swift */ = {isa = PBXFileReference; lastKnownFileType = sourcecode.swift; path = SearchViewModel.swift; sourceTree = "<group>"; };
		FE6CB447201ACCD4003A6790 /* ViewModel.swift */ = {isa = PBXFileReference; lastKnownFileType = sourcecode.swift; path = ViewModel.swift; sourceTree = "<group>"; };
		FE6CB44A201ACE24003A6790 /* SearchViewModelTests.swift */ = {isa = PBXFileReference; lastKnownFileType = sourcecode.swift; path = SearchViewModelTests.swift; sourceTree = "<group>"; };
		FE6CB44C201ACEF7003A6790 /* MockSearchViewModel.swift */ = {isa = PBXFileReference; lastKnownFileType = sourcecode.swift; path = MockSearchViewModel.swift; sourceTree = "<group>"; };
		FE6CB44F201AD274003A6790 /* MockUINavigationController.swift */ = {isa = PBXFileReference; lastKnownFileType = sourcecode.swift; path = MockUINavigationController.swift; sourceTree = "<group>"; };
		FE6CB452201AD3AC003A6790 /* StoryboardHelper.swift */ = {isa = PBXFileReference; lastKnownFileType = sourcecode.swift; path = StoryboardHelper.swift; sourceTree = "<group>"; };
		FE6CB454201AD6D9003A6790 /* MockUITableView.swift */ = {isa = PBXFileReference; lastKnownFileType = sourcecode.swift; path = MockUITableView.swift; sourceTree = "<group>"; };
		FE6CB456201AD6EB003A6790 /* ResultsTableViewControllerTests.swift */ = {isa = PBXFileReference; lastKnownFileType = sourcecode.swift; path = ResultsTableViewControllerTests.swift; sourceTree = "<group>"; };
		FE6CB458201ADA29003A6790 /* IntExtensions.swift */ = {isa = PBXFileReference; lastKnownFileType = sourcecode.swift; path = IntExtensions.swift; sourceTree = "<group>"; };
		FE6CB45A201ADB79003A6790 /* ResultsViewModelTests.swift */ = {isa = PBXFileReference; lastKnownFileType = sourcecode.swift; path = ResultsViewModelTests.swift; sourceTree = "<group>"; };
		FE6CB45C201ADC01003A6790 /* MockResultsViewModel.swift */ = {isa = PBXFileReference; lastKnownFileType = sourcecode.swift; path = MockResultsViewModel.swift; sourceTree = "<group>"; };
		FE6CB45F201ADD43003A6790 /* IntExtensionTests.swift */ = {isa = PBXFileReference; lastKnownFileType = sourcecode.swift; path = IntExtensionTests.swift; sourceTree = "<group>"; };
/* End PBXFileReference section */

/* Begin PBXFrameworksBuildPhase section */
		FE6CB3ED201AA798003A6790 /* Frameworks */ = {
			isa = PBXFrameworksBuildPhase;
			buildActionMask = 2147483647;
			files = (
				BDA1707C96D6A210714D4708 /* Pods_ISS.framework in Frameworks */,
			);
			runOnlyForDeploymentPostprocessing = 0;
		};
		FE6CB401201AA798003A6790 /* Frameworks */ = {
			isa = PBXFrameworksBuildPhase;
			buildActionMask = 2147483647;
			files = (
				3EAD99CF23106E44B25E2339 /* Pods_ISSTests.framework in Frameworks */,
			);
			runOnlyForDeploymentPostprocessing = 0;
		};
/* End PBXFrameworksBuildPhase section */

/* Begin PBXGroup section */
		2C2EADF769BE9D67993DBF86 /* Pods */ = {
			isa = PBXGroup;
			children = (
				113EE35C464E40EFE56FACB3 /* Pods-ISS.debug.xcconfig */,
				8F295392B66CC0974E788877 /* Pods-ISS.release.xcconfig */,
				6A36F9C067BB5742D599B196 /* Pods-ISSTests.debug.xcconfig */,
				987F3E6CCEB8C69BB6F67C7F /* Pods-ISSTests.release.xcconfig */,
			);
			name = Pods;
			sourceTree = "<group>";
		};
		76D1BB40E69856172F885741 /* Frameworks */ = {
			isa = PBXGroup;
			children = (
				A226D9A0DE37B67E8AF94611 /* Pods_ISS.framework */,
				8A6F3CCB8CB9434621A07253 /* Pods_ISSTests.framework */,
			);
			name = Frameworks;
			sourceTree = "<group>";
		};
		FE6CB3E7201AA798003A6790 = {
			isa = PBXGroup;
			children = (
				FE6CB3F2201AA798003A6790 /* ISS */,
				FE6CB407201AA798003A6790 /* ISSTests */,
				FE6CB3F1201AA798003A6790 /* Products */,
				2C2EADF769BE9D67993DBF86 /* Pods */,
				76D1BB40E69856172F885741 /* Frameworks */,
			);
			sourceTree = "<group>";
		};
		FE6CB3F1201AA798003A6790 /* Products */ = {
			isa = PBXGroup;
			children = (
				FE6CB3F0201AA798003A6790 /* ISS.app */,
				FE6CB404201AA798003A6790 /* ISSTests.xctest */,
			);
			name = Products;
			sourceTree = "<group>";
		};
		FE6CB3F2201AA798003A6790 /* ISS */ = {
			isa = PBXGroup;
			children = (
				FE6CB451201AD394003A6790 /* Helpers */,
				FE6CB442201ACC0C003A6790 /* Results */,
				FE6CB43B201AC4F5003A6790 /* Search */,
				FE6CB429201ABE35003A6790 /* Wrappers */,
				FE6CB41B201AAA41003A6790 /* Data Types */,
				FE6CB418201AA987003A6790 /* API */,
				FE6CB3F3201AA798003A6790 /* AppDelegate.swift */,
				FE6CB3F7201AA798003A6790 /* Main.storyboard */,
				FE6CB3FA201AA798003A6790 /* Assets.xcassets */,
				FE6CB3FC201AA798003A6790 /* LaunchScreen.storyboard */,
				FE6CB3FF201AA798003A6790 /* Info.plist */,
			);
			path = ISS;
			sourceTree = "<group>";
		};
		FE6CB407201AA798003A6790 /* ISSTests */ = {
			isa = PBXGroup;
			children = (
				FE6CB45E201ADD38003A6790 /* Helpers */,
				FE6CB438201AC296003A6790 /* Mocks */,
				FE6CB434201AC233003A6790 /* API */,
				FE6CB430201AC1DC003A6790 /* View */,
				FE6CB42A201ABE3A003A6790 /* Wrappers */,
				FE6CB422201AAC58003A6790 /* Data Types */,
				FE6CB413201AA946003A6790 /* Test Utils */,
				FE6CB40A201AA798003A6790 /* Info.plist */,
			);
			path = ISSTests;
			sourceTree = "<group>";
		};
		FE6CB413201AA946003A6790 /* Test Utils */ = {
			isa = PBXGroup;
			children = (
				FE6CB414201AA946003A6790 /* Mockable.swift */,
				FE6CB415201AA946003A6790 /* MockMatchers.swift */,
			);
			path = "Test Utils";
			sourceTree = "<group>";
		};
		FE6CB418201AA987003A6790 /* API */ = {
			isa = PBXGroup;
			children = (
				FE6CB419201AA9B3003A6790 /* APIClient.swift */,
			);
			path = API;
			sourceTree = "<group>";
		};
		FE6CB41B201AAA41003A6790 /* Data Types */ = {
			isa = PBXGroup;
			children = (
				FE6CB41C201AAA58003A6790 /* PassOverResponse.swift */,
				FE6CB41E201AAA60003A6790 /* PassOver.swift */,
				FE6CB420201AAABE003A6790 /* PassOverRequest.swift */,
				FE6CB447201ACCD4003A6790 /* ViewModel.swift */,
			);
			path = "Data Types";
			sourceTree = "<group>";
		};
		FE6CB422201AAC58003A6790 /* Data Types */ = {
			isa = PBXGroup;
			children = (
				FE6CB423201AAC62003A6790 /* PassOverTests.swift */,
				FE6CB425201AAFEF003A6790 /* PassOverRequestTests.swift */,
				FE6CB427201AB542003A6790 /* PassOverResponseTests.swift */,
			);
			path = "Data Types";
			sourceTree = "<group>";
		};
		FE6CB429201ABE35003A6790 /* Wrappers */ = {
			isa = PBXGroup;
			children = (
				FE6CB42D201ABE6F003A6790 /* ProgressIndicator.swift */,
			);
			path = Wrappers;
			sourceTree = "<group>";
		};
		FE6CB42A201ABE3A003A6790 /* Wrappers */ = {
			isa = PBXGroup;
			children = (
				FE6CB42B201ABE4E003A6790 /* SVProgressHUDWrapperTests.swift */,
			);
			path = Wrappers;
			sourceTree = "<group>";
		};
		FE6CB430201AC1DC003A6790 /* View */ = {
			isa = PBXGroup;
			children = (
				FE6CB449201ACE1A003A6790 /* Results */,
				FE6CB431201AC1E3003A6790 /* Search */,
			);
			path = View;
			sourceTree = "<group>";
		};
		FE6CB431201AC1E3003A6790 /* Search */ = {
			isa = PBXGroup;
			children = (
				FE6CB432201AC1FB003A6790 /* SearchViewControllerTests.swift */,
				FE6CB44A201ACE24003A6790 /* SearchViewModelTests.swift */,
			);
			path = Search;
			sourceTree = "<group>";
		};
		FE6CB434201AC233003A6790 /* API */ = {
			isa = PBXGroup;
			children = (
				FE6CB435201AC23F003A6790 /* APIClientTests.swift */,
			);
			path = API;
			sourceTree = "<group>";
		};
		FE6CB438201AC296003A6790 /* Mocks */ = {
			isa = PBXGroup;
			children = (
				FE6CB439201AC2A8003A6790 /* MockAPIClient.swift */,
				FE6CB43C201AC69D003A6790 /* MockProgressIndicator.swift */,
				FE6CB44C201ACEF7003A6790 /* MockSearchViewModel.swift */,
				FE6CB44F201AD274003A6790 /* MockUINavigationController.swift */,
				FE6CB454201AD6D9003A6790 /* MockUITableView.swift */,
				FE6CB45C201ADC01003A6790 /* MockResultsViewModel.swift */,
			);
			path = Mocks;
			sourceTree = "<group>";
		};
		FE6CB43B201AC4F5003A6790 /* Search */ = {
			isa = PBXGroup;
			children = (
				FE6CB3F5201AA798003A6790 /* SearchViewController.swift */,
				FE6CB445201ACCA0003A6790 /* SearchViewModel.swift */,
			);
			path = Search;
			sourceTree = "<group>";
		};
		FE6CB442201ACC0C003A6790 /* Results */ = {
			isa = PBXGroup;
			children = (
				FE6CB440201ACC08003A6790 /* ResultsTableViewController.swift */,
				FE6CB443201ACC26003A6790 /* ResultsViewModel.swift */,
			);
			path = Results;
			sourceTree = "<group>";
		};
		FE6CB449201ACE1A003A6790 /* Results */ = {
			isa = PBXGroup;
			children = (
				FE6CB456201AD6EB003A6790 /* ResultsTableViewControllerTests.swift */,
				FE6CB45A201ADB79003A6790 /* ResultsViewModelTests.swift */,
			);
			path = Results;
			sourceTree = "<group>";
		};
		FE6CB451201AD394003A6790 /* Helpers */ = {
			isa = PBXGroup;
			children = (
				FE6CB43E201ACA0B003A6790 /* AlertHelper.swift */,
				FE6CB452201AD3AC003A6790 /* StoryboardHelper.swift */,
				FE6CB458201ADA29003A6790 /* IntExtensions.swift */,
			);
			path = Helpers;
			sourceTree = "<group>";
		};
		FE6CB45E201ADD38003A6790 /* Helpers */ = {
			isa = PBXGroup;
			children = (
				FE6CB45F201ADD43003A6790 /* IntExtensionTests.swift */,
			);
			path = Helpers;
			sourceTree = "<group>";
		};
/* End PBXGroup section */

/* Begin PBXNativeTarget section */
		FE6CB3EF201AA798003A6790 /* ISS */ = {
			isa = PBXNativeTarget;
			buildConfigurationList = FE6CB40D201AA799003A6790 /* Build configuration list for PBXNativeTarget "ISS" */;
			buildPhases = (
				CF27CBB490357F536CD57841 /* [CP] Check Pods Manifest.lock */,
				FE6CB3EC201AA798003A6790 /* Sources */,
				FE6CB3ED201AA798003A6790 /* Frameworks */,
				FE6CB3EE201AA798003A6790 /* Resources */,
				2B3D0001C486B47BB95C0138 /* [CP] Embed Pods Frameworks */,
				DEBFD5678335EEC8F4C22044 /* [CP] Copy Pods Resources */,
			);
			buildRules = (
			);
			dependencies = (
			);
			name = ISS;
			productName = ISS;
			productReference = FE6CB3F0201AA798003A6790 /* ISS.app */;
			productType = "com.apple.product-type.application";
		};
		FE6CB403201AA798003A6790 /* ISSTests */ = {
			isa = PBXNativeTarget;
			buildConfigurationList = FE6CB410201AA799003A6790 /* Build configuration list for PBXNativeTarget "ISSTests" */;
			buildPhases = (
				3C0823AF213E51EB9116681A /* [CP] Check Pods Manifest.lock */,
				FE6CB400201AA798003A6790 /* Sources */,
				FE6CB401201AA798003A6790 /* Frameworks */,
				FE6CB402201AA798003A6790 /* Resources */,
				941A1FEF1527F90C8D9FBA48 /* [CP] Embed Pods Frameworks */,
				248CAD0133F0A350DE82896F /* [CP] Copy Pods Resources */,
			);
			buildRules = (
			);
			dependencies = (
				FE6CB406201AA798003A6790 /* PBXTargetDependency */,
			);
			name = ISSTests;
			productName = ISSTests;
			productReference = FE6CB404201AA798003A6790 /* ISSTests.xctest */;
			productType = "com.apple.product-type.bundle.unit-test";
		};
/* End PBXNativeTarget section */

/* Begin PBXProject section */
		FE6CB3E8201AA798003A6790 /* Project object */ = {
			isa = PBXProject;
			attributes = {
				LastSwiftUpdateCheck = 0920;
				LastUpgradeCheck = 0920;
				ORGANIZATIONNAME = kata;
				TargetAttributes = {
					FE6CB3EF201AA798003A6790 = {
						CreatedOnToolsVersion = 9.2;
						ProvisioningStyle = Automatic;
					};
					FE6CB403201AA798003A6790 = {
						CreatedOnToolsVersion = 9.2;
						ProvisioningStyle = Automatic;
						TestTargetID = FE6CB3EF201AA798003A6790;
					};
				};
			};
			buildConfigurationList = FE6CB3EB201AA798003A6790 /* Build configuration list for PBXProject "ISS" */;
			compatibilityVersion = "Xcode 8.0";
			developmentRegion = en;
			hasScannedForEncodings = 0;
			knownRegions = (
				en,
				Base,
			);
			mainGroup = FE6CB3E7201AA798003A6790;
			productRefGroup = FE6CB3F1201AA798003A6790 /* Products */;
			projectDirPath = "";
			projectRoot = "";
			targets = (
				FE6CB3EF201AA798003A6790 /* ISS */,
				FE6CB403201AA798003A6790 /* ISSTests */,
			);
		};
/* End PBXProject section */

/* Begin PBXResourcesBuildPhase section */
		FE6CB3EE201AA798003A6790 /* Resources */ = {
			isa = PBXResourcesBuildPhase;
			buildActionMask = 2147483647;
			files = (
				FE6CB3FE201AA798003A6790 /* LaunchScreen.storyboard in Resources */,
				FE6CB3FB201AA798003A6790 /* Assets.xcassets in Resources */,
				FE6CB3F9201AA798003A6790 /* Main.storyboard in Resources */,
			);
			runOnlyForDeploymentPostprocessing = 0;
		};
		FE6CB402201AA798003A6790 /* Resources */ = {
			isa = PBXResourcesBuildPhase;
			buildActionMask = 2147483647;
			files = (
			);
			runOnlyForDeploymentPostprocessing = 0;
		};
/* End PBXResourcesBuildPhase section */

/* Begin PBXShellScriptBuildPhase section */
		248CAD0133F0A350DE82896F /* [CP] Copy Pods Resources */ = {
			isa = PBXShellScriptBuildPhase;
			buildActionMask = 2147483647;
			files = (
			);
			inputPaths = (
			);
			name = "[CP] Copy Pods Resources";
			outputPaths = (
			);
			runOnlyForDeploymentPostprocessing = 0;
			shellPath = /bin/sh;
			shellScript = "\"${SRCROOT}/Pods/Target Support Files/Pods-ISSTests/Pods-ISSTests-resources.sh\"\n";
			showEnvVarsInLog = 0;
		};
		2B3D0001C486B47BB95C0138 /* [CP] Embed Pods Frameworks */ = {
			isa = PBXShellScriptBuildPhase;
			buildActionMask = 2147483647;
			files = (
			);
			inputPaths = (
				"${SRCROOT}/Pods/Target Support Files/Pods-ISS/Pods-ISS-frameworks.sh",
				"${BUILT_PRODUCTS_DIR}/Alamofire/Alamofire.framework",
				"${BUILT_PRODUCTS_DIR}/SVProgressHUD/SVProgressHUD.framework",
			);
			name = "[CP] Embed Pods Frameworks";
			outputPaths = (
				"${TARGET_BUILD_DIR}/${FRAMEWORKS_FOLDER_PATH}/Alamofire.framework",
				"${TARGET_BUILD_DIR}/${FRAMEWORKS_FOLDER_PATH}/SVProgressHUD.framework",
			);
			runOnlyForDeploymentPostprocessing = 0;
			shellPath = /bin/sh;
			shellScript = "\"${SRCROOT}/Pods/Target Support Files/Pods-ISS/Pods-ISS-frameworks.sh\"\n";
			showEnvVarsInLog = 0;
		};
		3C0823AF213E51EB9116681A /* [CP] Check Pods Manifest.lock */ = {
			isa = PBXShellScriptBuildPhase;
			buildActionMask = 2147483647;
			files = (
			);
			inputPaths = (
				"${PODS_PODFILE_DIR_PATH}/Podfile.lock",
				"${PODS_ROOT}/Manifest.lock",
			);
			name = "[CP] Check Pods Manifest.lock";
			outputPaths = (
				"$(DERIVED_FILE_DIR)/Pods-ISSTests-checkManifestLockResult.txt",
			);
			runOnlyForDeploymentPostprocessing = 0;
			shellPath = /bin/sh;
			shellScript = "diff \"${PODS_PODFILE_DIR_PATH}/Podfile.lock\" \"${PODS_ROOT}/Manifest.lock\" > /dev/null\nif [ $? != 0 ] ; then\n    # print error to STDERR\n    echo \"error: The sandbox is not in sync with the Podfile.lock. Run 'pod install' or update your CocoaPods installation.\" >&2\n    exit 1\nfi\n# This output is used by Xcode 'outputs' to avoid re-running this script phase.\necho \"SUCCESS\" > \"${SCRIPT_OUTPUT_FILE_0}\"\n";
			showEnvVarsInLog = 0;
		};
		941A1FEF1527F90C8D9FBA48 /* [CP] Embed Pods Frameworks */ = {
			isa = PBXShellScriptBuildPhase;
			buildActionMask = 2147483647;
			files = (
			);
			inputPaths = (
				"${SRCROOT}/Pods/Target Support Files/Pods-ISSTests/Pods-ISSTests-frameworks.sh",
				"${BUILT_PRODUCTS_DIR}/Nimble/Nimble.framework",
				"${BUILT_PRODUCTS_DIR}/Quick/Quick.framework",
			);
			name = "[CP] Embed Pods Frameworks";
			outputPaths = (
				"${TARGET_BUILD_DIR}/${FRAMEWORKS_FOLDER_PATH}/Nimble.framework",
				"${TARGET_BUILD_DIR}/${FRAMEWORKS_FOLDER_PATH}/Quick.framework",
			);
			runOnlyForDeploymentPostprocessing = 0;
			shellPath = /bin/sh;
			shellScript = "\"${SRCROOT}/Pods/Target Support Files/Pods-ISSTests/Pods-ISSTests-frameworks.sh\"\n";
			showEnvVarsInLog = 0;
		};
		CF27CBB490357F536CD57841 /* [CP] Check Pods Manifest.lock */ = {
			isa = PBXShellScriptBuildPhase;
			buildActionMask = 2147483647;
			files = (
			);
			inputPaths = (
				"${PODS_PODFILE_DIR_PATH}/Podfile.lock",
				"${PODS_ROOT}/Manifest.lock",
			);
			name = "[CP] Check Pods Manifest.lock";
			outputPaths = (
				"$(DERIVED_FILE_DIR)/Pods-ISS-checkManifestLockResult.txt",
			);
			runOnlyForDeploymentPostprocessing = 0;
			shellPath = /bin/sh;
			shellScript = "diff \"${PODS_PODFILE_DIR_PATH}/Podfile.lock\" \"${PODS_ROOT}/Manifest.lock\" > /dev/null\nif [ $? != 0 ] ; then\n    # print error to STDERR\n    echo \"error: The sandbox is not in sync with the Podfile.lock. Run 'pod install' or update your CocoaPods installation.\" >&2\n    exit 1\nfi\n# This output is used by Xcode 'outputs' to avoid re-running this script phase.\necho \"SUCCESS\" > \"${SCRIPT_OUTPUT_FILE_0}\"\n";
			showEnvVarsInLog = 0;
		};
		DEBFD5678335EEC8F4C22044 /* [CP] Copy Pods Resources */ = {
			isa = PBXShellScriptBuildPhase;
			buildActionMask = 2147483647;
			files = (
			);
			inputPaths = (
			);
			name = "[CP] Copy Pods Resources";
			outputPaths = (
			);
			runOnlyForDeploymentPostprocessing = 0;
			shellPath = /bin/sh;
			shellScript = "\"${SRCROOT}/Pods/Target Support Files/Pods-ISS/Pods-ISS-resources.sh\"\n";
			showEnvVarsInLog = 0;
		};
/* End PBXShellScriptBuildPhase section */

/* Begin PBXSourcesBuildPhase section */
		FE6CB3EC201AA798003A6790 /* Sources */ = {
			isa = PBXSourcesBuildPhase;
			buildActionMask = 2147483647;
			files = (
				FE6CB446201ACCA0003A6790 /* SearchViewModel.swift in Sources */,
				FE6CB42E201ABE6F003A6790 /* ProgressIndicator.swift in Sources */,
				FE6CB444201ACC26003A6790 /* ResultsViewModel.swift in Sources */,
				FE6CB3F6201AA798003A6790 /* SearchViewController.swift in Sources */,
				FE6CB3F4201AA798003A6790 /* AppDelegate.swift in Sources */,
				FE6CB421201AAABE003A6790 /* PassOverRequest.swift in Sources */,
				FE6CB453201AD3AC003A6790 /* StoryboardHelper.swift in Sources */,
				FE6CB459201ADA29003A6790 /* IntExtensions.swift in Sources */,
				FE6CB41A201AA9B3003A6790 /* APIClient.swift in Sources */,
				FE6CB41D201AAA58003A6790 /* PassOverResponse.swift in Sources */,
				FE6CB441201ACC08003A6790 /* ResultsTableViewController.swift in Sources */,
				FE6CB43F201ACA0B003A6790 /* AlertHelper.swift in Sources */,
				FE6CB448201ACCD4003A6790 /* ViewModel.swift in Sources */,
				FE6CB41F201AAA60003A6790 /* PassOver.swift in Sources */,
			);
			runOnlyForDeploymentPostprocessing = 0;
		};
		FE6CB400201AA798003A6790 /* Sources */ = {
			isa = PBXSourcesBuildPhase;
			buildActionMask = 2147483647;
			files = (
				FE6CB44B201ACE24003A6790 /* SearchViewModelTests.swift in Sources */,
				FE6CB426201AAFEF003A6790 /* PassOverRequestTests.swift in Sources */,
				FE6CB428201AB542003A6790 /* PassOverResponseTests.swift in Sources */,
				FE6CB417201AA946003A6790 /* MockMatchers.swift in Sources */,
				FE6CB44D201ACEF7003A6790 /* MockSearchViewModel.swift in Sources */,
				FE6CB436201AC23F003A6790 /* APIClientTests.swift in Sources */,
				FE6CB424201AAC62003A6790 /* PassOverTests.swift in Sources */,
				FE6CB45B201ADB79003A6790 /* ResultsViewModelTests.swift in Sources */,
				FE6CB416201AA946003A6790 /* Mockable.swift in Sources */,
				FE6CB433201AC1FB003A6790 /* SearchViewControllerTests.swift in Sources */,
				FE6CB45D201ADC01003A6790 /* MockResultsViewModel.swift in Sources */,
				FE6CB455201AD6D9003A6790 /* MockUITableView.swift in Sources */,
				FE6CB450201AD274003A6790 /* MockUINavigationController.swift in Sources */,
				FE6CB460201ADD43003A6790 /* IntExtensionTests.swift in Sources */,
				FE6CB42C201ABE4E003A6790 /* SVProgressHUDWrapperTests.swift in Sources */,
				FE6CB43D201AC69D003A6790 /* MockProgressIndicator.swift in Sources */,
				FE6CB457201AD6EB003A6790 /* ResultsTableViewControllerTests.swift in Sources */,
				FE6CB43A201AC2A8003A6790 /* MockAPIClient.swift in Sources */,
			);
			runOnlyForDeploymentPostprocessing = 0;
		};
/* End PBXSourcesBuildPhase section */

/* Begin PBXTargetDependency section */
		FE6CB406201AA798003A6790 /* PBXTargetDependency */ = {
			isa = PBXTargetDependency;
			target = FE6CB3EF201AA798003A6790 /* ISS */;
			targetProxy = FE6CB405201AA798003A6790 /* PBXContainerItemProxy */;
		};
/* End PBXTargetDependency section */

/* Begin PBXVariantGroup section */
		FE6CB3F7201AA798003A6790 /* Main.storyboard */ = {
			isa = PBXVariantGroup;
			children = (
				FE6CB3F8201AA798003A6790 /* Base */,
			);
			name = Main.storyboard;
			sourceTree = "<group>";
		};
		FE6CB3FC201AA798003A6790 /* LaunchScreen.storyboard */ = {
			isa = PBXVariantGroup;
			children = (
				FE6CB3FD201AA798003A6790 /* Base */,
			);
			name = LaunchScreen.storyboard;
			sourceTree = "<group>";
		};
/* End PBXVariantGroup section */

/* Begin XCBuildConfiguration section */
		FE6CB40B201AA798003A6790 /* Debug */ = {
			isa = XCBuildConfiguration;
			buildSettings = {
				ALWAYS_SEARCH_USER_PATHS = NO;
				CLANG_ANALYZER_NONNULL = YES;
				CLANG_ANALYZER_NUMBER_OBJECT_CONVERSION = YES_AGGRESSIVE;
				CLANG_CXX_LANGUAGE_STANDARD = "gnu++14";
				CLANG_CXX_LIBRARY = "libc++";
				CLANG_ENABLE_MODULES = YES;
				CLANG_ENABLE_OBJC_ARC = YES;
				CLANG_WARN_BLOCK_CAPTURE_AUTORELEASING = YES;
				CLANG_WARN_BOOL_CONVERSION = YES;
				CLANG_WARN_COMMA = YES;
				CLANG_WARN_CONSTANT_CONVERSION = YES;
				CLANG_WARN_DIRECT_OBJC_ISA_USAGE = YES_ERROR;
				CLANG_WARN_DOCUMENTATION_COMMENTS = YES;
				CLANG_WARN_EMPTY_BODY = YES;
				CLANG_WARN_ENUM_CONVERSION = YES;
				CLANG_WARN_INFINITE_RECURSION = YES;
				CLANG_WARN_INT_CONVERSION = YES;
				CLANG_WARN_NON_LITERAL_NULL_CONVERSION = YES;
				CLANG_WARN_OBJC_LITERAL_CONVERSION = YES;
				CLANG_WARN_OBJC_ROOT_CLASS = YES_ERROR;
				CLANG_WARN_RANGE_LOOP_ANALYSIS = YES;
				CLANG_WARN_STRICT_PROTOTYPES = YES;
				CLANG_WARN_SUSPICIOUS_MOVE = YES;
				CLANG_WARN_UNGUARDED_AVAILABILITY = YES_AGGRESSIVE;
				CLANG_WARN_UNREACHABLE_CODE = YES;
				CLANG_WARN__DUPLICATE_METHOD_MATCH = YES;
				CODE_SIGN_IDENTITY = "iPhone Developer";
				COPY_PHASE_STRIP = NO;
				DEBUG_INFORMATION_FORMAT = dwarf;
				ENABLE_STRICT_OBJC_MSGSEND = YES;
				ENABLE_TESTABILITY = YES;
				GCC_C_LANGUAGE_STANDARD = gnu11;
				GCC_DYNAMIC_NO_PIC = NO;
				GCC_NO_COMMON_BLOCKS = YES;
				GCC_OPTIMIZATION_LEVEL = 0;
				GCC_PREPROCESSOR_DEFINITIONS = (
					"DEBUG=1",
					"$(inherited)",
				);
				GCC_WARN_64_TO_32_BIT_CONVERSION = YES;
				GCC_WARN_ABOUT_RETURN_TYPE = YES_ERROR;
				GCC_WARN_UNDECLARED_SELECTOR = YES;
				GCC_WARN_UNINITIALIZED_AUTOS = YES_AGGRESSIVE;
				GCC_WARN_UNUSED_FUNCTION = YES;
				GCC_WARN_UNUSED_VARIABLE = YES;
				IPHONEOS_DEPLOYMENT_TARGET = 11.2;
				MTL_ENABLE_DEBUG_INFO = YES;
				ONLY_ACTIVE_ARCH = YES;
				SDKROOT = iphoneos;
				SWIFT_ACTIVE_COMPILATION_CONDITIONS = DEBUG;
				SWIFT_OPTIMIZATION_LEVEL = "-Onone";
			};
			name = Debug;
		};
		FE6CB40C201AA799003A6790 /* Release */ = {
			isa = XCBuildConfiguration;
			buildSettings = {
				ALWAYS_SEARCH_USER_PATHS = NO;
				CLANG_ANALYZER_NONNULL = YES;
				CLANG_ANALYZER_NUMBER_OBJECT_CONVERSION = YES_AGGRESSIVE;
				CLANG_CXX_LANGUAGE_STANDARD = "gnu++14";
				CLANG_CXX_LIBRARY = "libc++";
				CLANG_ENABLE_MODULES = YES;
				CLANG_ENABLE_OBJC_ARC = YES;
				CLANG_WARN_BLOCK_CAPTURE_AUTORELEASING = YES;
				CLANG_WARN_BOOL_CONVERSION = YES;
				CLANG_WARN_COMMA = YES;
				CLANG_WARN_CONSTANT_CONVERSION = YES;
				CLANG_WARN_DIRECT_OBJC_ISA_USAGE = YES_ERROR;
				CLANG_WARN_DOCUMENTATION_COMMENTS = YES;
				CLANG_WARN_EMPTY_BODY = YES;
				CLANG_WARN_ENUM_CONVERSION = YES;
				CLANG_WARN_INFINITE_RECURSION = YES;
				CLANG_WARN_INT_CONVERSION = YES;
				CLANG_WARN_NON_LITERAL_NULL_CONVERSION = YES;
				CLANG_WARN_OBJC_LITERAL_CONVERSION = YES;
				CLANG_WARN_OBJC_ROOT_CLASS = YES_ERROR;
				CLANG_WARN_RANGE_LOOP_ANALYSIS = YES;
				CLANG_WARN_STRICT_PROTOTYPES = YES;
				CLANG_WARN_SUSPICIOUS_MOVE = YES;
				CLANG_WARN_UNGUARDED_AVAILABILITY = YES_AGGRESSIVE;
				CLANG_WARN_UNREACHABLE_CODE = YES;
				CLANG_WARN__DUPLICATE_METHOD_MATCH = YES;
				CODE_SIGN_IDENTITY = "iPhone Developer";
				COPY_PHASE_STRIP = NO;
				DEBUG_INFORMATION_FORMAT = "dwarf-with-dsym";
				ENABLE_NS_ASSERTIONS = NO;
				ENABLE_STRICT_OBJC_MSGSEND = YES;
				GCC_C_LANGUAGE_STANDARD = gnu11;
				GCC_NO_COMMON_BLOCKS = YES;
				GCC_WARN_64_TO_32_BIT_CONVERSION = YES;
				GCC_WARN_ABOUT_RETURN_TYPE = YES_ERROR;
				GCC_WARN_UNDECLARED_SELECTOR = YES;
				GCC_WARN_UNINITIALIZED_AUTOS = YES_AGGRESSIVE;
				GCC_WARN_UNUSED_FUNCTION = YES;
				GCC_WARN_UNUSED_VARIABLE = YES;
				IPHONEOS_DEPLOYMENT_TARGET = 11.2;
				MTL_ENABLE_DEBUG_INFO = NO;
				SDKROOT = iphoneos;
				SWIFT_OPTIMIZATION_LEVEL = "-Owholemodule";
				VALIDATE_PRODUCT = YES;
			};
			name = Release;
		};
		FE6CB40E201AA799003A6790 /* Debug */ = {
			isa = XCBuildConfiguration;
			baseConfigurationReference = 113EE35C464E40EFE56FACB3 /* Pods-ISS.debug.xcconfig */;
			buildSettings = {
				ASSETCATALOG_COMPILER_APPICON_NAME = AppIcon;
				CODE_SIGN_STYLE = Automatic;
				DEVELOPMENT_TEAM = TLL2CEFHFE;
				INFOPLIST_FILE = ISS/Info.plist;
				LD_RUNPATH_SEARCH_PATHS = "$(inherited) @executable_path/Frameworks";
				PRODUCT_BUNDLE_IDENTIFIER = com.kata.ISS;
				PRODUCT_NAME = "$(TARGET_NAME)";
				SWIFT_VERSION = 4.0;
				TARGETED_DEVICE_FAMILY = "1,2";
			};
			name = Debug;
		};
		FE6CB40F201AA799003A6790 /* Release */ = {
			isa = XCBuildConfiguration;
			baseConfigurationReference = 8F295392B66CC0974E788877 /* Pods-ISS.release.xcconfig */;
			buildSettings = {
				ASSETCATALOG_COMPILER_APPICON_NAME = AppIcon;
				CODE_SIGN_STYLE = Automatic;
				DEVELOPMENT_TEAM = TLL2CEFHFE;
				INFOPLIST_FILE = ISS/Info.plist;
				LD_RUNPATH_SEARCH_PATHS = "$(inherited) @executable_path/Frameworks";
				PRODUCT_BUNDLE_IDENTIFIER = com.kata.ISS;
				PRODUCT_NAME = "$(TARGET_NAME)";
				SWIFT_VERSION = 4.0;
				TARGETED_DEVICE_FAMILY = "1,2";
			};
			name = Release;
		};
		FE6CB411201AA799003A6790 /* Debug */ = {
			isa = XCBuildConfiguration;
			baseConfigurationReference = 6A36F9C067BB5742D599B196 /* Pods-ISSTests.debug.xcconfig */;
			buildSettings = {
				ALWAYS_EMBED_SWIFT_STANDARD_LIBRARIES = YES;
				BUNDLE_LOADER = "$(TEST_HOST)";
				CODE_SIGN_STYLE = Automatic;
				DEVELOPMENT_TEAM = TLL2CEFHFE;
				INFOPLIST_FILE = ISSTests/Info.plist;
				LD_RUNPATH_SEARCH_PATHS = "$(inherited) @executable_path/Frameworks @loader_path/Frameworks";
				PRODUCT_BUNDLE_IDENTIFIER = com.kata.ISSTests;
				PRODUCT_NAME = "$(TARGET_NAME)";
				SWIFT_VERSION = 4.0;
				TARGETED_DEVICE_FAMILY = "1,2";
				TEST_HOST = "$(BUILT_PRODUCTS_DIR)/ISS.app/ISS";
			};
			name = Debug;
		};
		FE6CB412201AA799003A6790 /* Release */ = {
			isa = XCBuildConfiguration;
			baseConfigurationReference = 987F3E6CCEB8C69BB6F67C7F /* Pods-ISSTests.release.xcconfig */;
			buildSettings = {
				ALWAYS_EMBED_SWIFT_STANDARD_LIBRARIES = YES;
				BUNDLE_LOADER = "$(TEST_HOST)";
				CODE_SIGN_STYLE = Automatic;
				DEVELOPMENT_TEAM = TLL2CEFHFE;
				INFOPLIST_FILE = ISSTests/Info.plist;
				LD_RUNPATH_SEARCH_PATHS = "$(inherited) @executable_path/Frameworks @loader_path/Frameworks";
				PRODUCT_BUNDLE_IDENTIFIER = com.kata.ISSTests;
				PRODUCT_NAME = "$(TARGET_NAME)";
				SWIFT_VERSION = 4.0;
				TARGETED_DEVICE_FAMILY = "1,2";
				TEST_HOST = "$(BUILT_PRODUCTS_DIR)/ISS.app/ISS";
			};
			name = Release;
		};
/* End XCBuildConfiguration section */

/* Begin XCConfigurationList section */
		FE6CB3EB201AA798003A6790 /* Build configuration list for PBXProject "ISS" */ = {
			isa = XCConfigurationList;
			buildConfigurations = (
				FE6CB40B201AA798003A6790 /* Debug */,
				FE6CB40C201AA799003A6790 /* Release */,
			);
			defaultConfigurationIsVisible = 0;
			defaultConfigurationName = Release;
		};
		FE6CB40D201AA799003A6790 /* Build configuration list for PBXNativeTarget "ISS" */ = {
			isa = XCConfigurationList;
			buildConfigurations = (
				FE6CB40E201AA799003A6790 /* Debug */,
				FE6CB40F201AA799003A6790 /* Release */,
			);
			defaultConfigurationIsVisible = 0;
			defaultConfigurationName = Release;
		};
		FE6CB410201AA799003A6790 /* Build configuration list for PBXNativeTarget "ISSTests" */ = {
			isa = XCConfigurationList;
			buildConfigurations = (
				FE6CB411201AA799003A6790 /* Debug */,
				FE6CB412201AA799003A6790 /* Release */,
			);
			defaultConfigurationIsVisible = 0;
			defaultConfigurationName = Release;
		};
/* End XCConfigurationList section */
	};
	rootObject = FE6CB3E8201AA798003A6790 /* Project object */;
}
